
Microsoft Visual Studio Solution File, Format Version 12.00
# Visual Studio Version 17
VisualStudioVersion = 17.4.33205.214
MinimumVisualStudioVersion = 10.0.40219.1
Project("{9A19103F-16F7-4668-BE54-9A1E7A4F7556}") = "POMTrial", "POMTrial\POMTrial.csproj", "{D67F4173-D49B-4B6A-9E5A-829A23615759}"
EndProject
Global
	GlobalSection(SolutionConfigurationPlatforms) = preSolution
		Debug|Any CPU = Debug|Any CPU
		Release|Any CPU = Release|Any CPU
	EndGlobalSection
	GlobalSection(ProjectConfigurationPlatforms) = postSolution
		{D67F4173-D49B-4B6A-9E5A-829A23615759}.Debug|Any CPU.ActiveCfg = Debug|Any CPU
		{D67F4173-D49B-4B6A-9E5A-829A23615759}.Debug|Any CPU.Build.0 = Debug|Any CPU
		{D67F4173-D49B-4B6A-9E5A-829A23615759}.Release|Any CPU.ActiveCfg = Release|Any CPU
		{D67F4173-D49B-4B6A-9E5A-829A23615759}.Release|Any CPU.Build.0 = Release|Any CPU
	EndGlobalSection
	GlobalSection(SolutionProperties) = preSolution
		HideSolutionNode = FALSE
	EndGlobalSection
	GlobalSection(ExtensibilityGlobals) = postSolution
		SolutionGuid = {CE8F77F5-9627-47F7-8334-034B6197B127}
	EndGlobalSection
EndGlobal
